
Microsoft Visual Studio Solution File, Format Version 12.00
# Visual Studio 15
VisualStudioVersion = 15.0.28307.757
MinimumVisualStudioVersion = 10.0.40219.1
Project("{FAE04EC0-301F-11D3-BF4B-00C04F79EFBC}") = "NoteBoard.Model", "NoteBoard.Model\NoteBoard.Model.csproj", "{23E29533-0868-4D64-A747-4C8497818A4E}"
EndProject
Project("{FAE04EC0-301F-11D3-BF4B-00C04F79EFBC}") = "NoteBoard.DAL", "NoteBoard.DAL\NoteBoard.DAL.csproj", "{AB201701-3EA2-489A-8130-1E73765ABAF2}"
EndProject
Project("{FAE04EC0-301F-11D3-BF4B-00C04F79EFBC}") = "NoteBoard.BLL", "NoteBoard.BLL\NoteBoard.BLL.csproj", "{59283980-7E97-4248-9AE5-98C7E3291D90}"
EndProject
Project("{FAE04EC0-301F-11D3-BF4B-00C04F79EFBC}") = "NoteBoard.UI.WinForm", "NoteBoard.UI.WinForm\NoteBoard.UI.WinForm.csproj", "{83984F6C-16B5-4931-B44A-D5542FBBF1B1}"
EndProject
Global
	GlobalSection(SolutionConfigurationPlatforms) = preSolution
		Debug|Any CPU = Debug|Any CPU
		Release|Any CPU = Release|Any CPU
	EndGlobalSection
	GlobalSection(ProjectConfigurationPlatforms) = postSolution
		{23E29533-0868-4D64-A747-4C8497818A4E}.Debug|Any CPU.ActiveCfg = Debug|Any CPU
		{23E29533-0868-4D64-A747-4C8497818A4E}.Debug|Any CPU.Build.0 = Debug|Any CPU
		{23E29533-0868-4D64-A747-4C8497818A4E}.Release|Any CPU.ActiveCfg = Release|Any CPU
		{23E29533-0868-4D64-A747-4C8497818A4E}.Release|Any CPU.Build.0 = Release|Any CPU
		{AB201701-3EA2-489A-8130-1E73765ABAF2}.Debug|Any CPU.ActiveCfg = Debug|Any CPU
		{AB201701-3EA2-489A-8130-1E73765ABAF2}.Debug|Any CPU.Build.0 = Debug|Any CPU
		{AB201701-3EA2-489A-8130-1E73765ABAF2}.Release|Any CPU.ActiveCfg = Release|Any CPU
		{AB201701-3EA2-489A-8130-1E73765ABAF2}.Release|Any CPU.Build.0 = Release|Any CPU
		{59283980-7E97-4248-9AE5-98C7E3291D90}.Debug|Any CPU.ActiveCfg = Debug|Any CPU
		{59283980-7E97-4248-9AE5-98C7E3291D90}.Debug|Any CPU.Build.0 = Debug|Any CPU
		{59283980-7E97-4248-9AE5-98C7E3291D90}.Release|Any CPU.ActiveCfg = Release|Any CPU
		{59283980-7E97-4248-9AE5-98C7E3291D90}.Release|Any CPU.Build.0 = Release|Any CPU
		{83984F6C-16B5-4931-B44A-D5542FBBF1B1}.Debug|Any CPU.ActiveCfg = Debug|Any CPU
		{83984F6C-16B5-4931-B44A-D5542FBBF1B1}.Debug|Any CPU.Build.0 = Debug|Any CPU
		{83984F6C-16B5-4931-B44A-D5542FBBF1B1}.Release|Any CPU.ActiveCfg = Release|Any CPU
		{83984F6C-16B5-4931-B44A-D5542FBBF1B1}.Release|Any CPU.Build.0 = Release|Any CPU
	EndGlobalSection
	GlobalSection(SolutionProperties) = preSolution
		HideSolutionNode = FALSE
	EndGlobalSection
	GlobalSection(ExtensibilityGlobals) = postSolution
		SolutionGuid = {66FF2315-A182-4555-87FD-845EA4A64BE1}
	EndGlobalSection
EndGlobal
