
Microsoft Visual Studio Solution File, Format Version 12.00
# Visual Studio Version 16
VisualStudioVersion = 16.0.28803.202
MinimumVisualStudioVersion = 10.0.40219.1
Project("{FAE04EC0-301F-11D3-BF4B-00C04F79EFBC}") = "NoteBoard.Model", "NoteBoard.Model\NoteBoard.Model.csproj", "{8FE8F1DB-2FF6-4788-B461-1F05E296459E}"
EndProject
Project("{FAE04EC0-301F-11D3-BF4B-00C04F79EFBC}") = "NoteBoard.DAL", "NoteBoard.DAL\NoteBoard.DAL.csproj", "{E8080052-7348-4986-824D-A56275F97BC4}"
EndProject
Global
	GlobalSection(SolutionConfigurationPlatforms) = preSolution
		Debug|Any CPU = Debug|Any CPU
		Release|Any CPU = Release|Any CPU
	EndGlobalSection
	GlobalSection(ProjectConfigurationPlatforms) = postSolution
		{8FE8F1DB-2FF6-4788-B461-1F05E296459E}.Debug|Any CPU.ActiveCfg = Debug|Any CPU
		{8FE8F1DB-2FF6-4788-B461-1F05E296459E}.Debug|Any CPU.Build.0 = Debug|Any CPU
		{8FE8F1DB-2FF6-4788-B461-1F05E296459E}.Release|Any CPU.ActiveCfg = Release|Any CPU
		{8FE8F1DB-2FF6-4788-B461-1F05E296459E}.Release|Any CPU.Build.0 = Release|Any CPU
		{E8080052-7348-4986-824D-A56275F97BC4}.Debug|Any CPU.ActiveCfg = Debug|Any CPU
		{E8080052-7348-4986-824D-A56275F97BC4}.Debug|Any CPU.Build.0 = Debug|Any CPU
		{E8080052-7348-4986-824D-A56275F97BC4}.Release|Any CPU.ActiveCfg = Release|Any CPU
		{E8080052-7348-4986-824D-A56275F97BC4}.Release|Any CPU.Build.0 = Release|Any CPU
	EndGlobalSection
	GlobalSection(SolutionProperties) = preSolution
		HideSolutionNode = FALSE
	EndGlobalSection
	GlobalSection(ExtensibilityGlobals) = postSolution
		SolutionGuid = {6A9B9DD4-E9E9-4E55-96A0-5B171BF3EBC4}
	EndGlobalSection
EndGlobal
